
Microsoft Visual Studio Solution File, Format Version 12.00
# Visual Studio Version 17
VisualStudioVersion = 17.13.35818.85 d17.13
MinimumVisualStudioVersion = 10.0.40219.1
Project("{FAE04EC0-301F-11D3-BF4B-00C04F79EFBC}") = "Lab1", "Lab1.csproj", "{9BD5A34C-60E4-4BF6-A4C2-A08003E1E7FB}"
EndProject
Global
	GlobalSection(SolutionConfigurationPlatforms) = preSolution
		Debug|Any CPU = Debug|Any CPU
		Release|Any CPU = Release|Any CPU
	EndGlobalSection
	GlobalSection(ProjectConfigurationPlatforms) = postSolution
		{9BD5A34C-60E4-4BF6-A4C2-A08003E1E7FB}.Debug|Any CPU.ActiveCfg = Debug|Any CPU
		{9BD5A34C-60E4-4BF6-A4C2-A08003E1E7FB}.Debug|Any CPU.Build.0 = Debug|Any CPU
		{9BD5A34C-60E4-4BF6-A4C2-A08003E1E7FB}.Release|Any CPU.ActiveCfg = Release|Any CPU
		{9BD5A34C-60E4-4BF6-A4C2-A08003E1E7FB}.Release|Any CPU.Build.0 = Release|Any CPU
	EndGlobalSection
	GlobalSection(SolutionProperties) = preSolution
		HideSolutionNode = FALSE
	EndGlobalSection
	GlobalSection(ExtensibilityGlobals) = postSolution
		SolutionGuid = {898F6462-7A7E-416C-BEFF-7BFEE85DFB20}
	EndGlobalSection
EndGlobal
